
Microsoft Visual Studio Solution File, Format Version 12.00
# Visual Studio Version 16
VisualStudioVersion = 16.0.30621.155
MinimumVisualStudioVersion = 10.0.40219.1
Project("{FAE04EC0-301F-11D3-BF4B-00C04F79EFBC}") = "CardGame", "CardGame\CardGame.csproj", "{A1CD54E1-6052-4F2B-BAC8-9D301891DC0F}"
EndProject
Project("{FAE04EC0-301F-11D3-BF4B-00C04F79EFBC}") = "LogerLib", "LogerLib\LogerLib.csproj", "{7CB7291A-A1DA-41D2-8517-0EEDDDC7AE4C}"
EndProject
Project("{FAE04EC0-301F-11D3-BF4B-00C04F79EFBC}") = "Task_02", "Task_02\Task_02.csproj", "{503716F3-8C7A-47FA-B78F-B8EE1C218998}"
EndProject
Global
	GlobalSection(SolutionConfigurationPlatforms) = preSolution
		Debug|Any CPU = Debug|Any CPU
		Release|Any CPU = Release|Any CPU
	EndGlobalSection
	GlobalSection(ProjectConfigurationPlatforms) = postSolution
		{A1CD54E1-6052-4F2B-BAC8-9D301891DC0F}.Debug|Any CPU.ActiveCfg = Debug|Any CPU
		{A1CD54E1-6052-4F2B-BAC8-9D301891DC0F}.Debug|Any CPU.Build.0 = Debug|Any CPU
		{A1CD54E1-6052-4F2B-BAC8-9D301891DC0F}.Release|Any CPU.ActiveCfg = Release|Any CPU
		{A1CD54E1-6052-4F2B-BAC8-9D301891DC0F}.Release|Any CPU.Build.0 = Release|Any CPU
		{7CB7291A-A1DA-41D2-8517-0EEDDDC7AE4C}.Debug|Any CPU.ActiveCfg = Debug|Any CPU
		{7CB7291A-A1DA-41D2-8517-0EEDDDC7AE4C}.Debug|Any CPU.Build.0 = Debug|Any CPU
		{7CB7291A-A1DA-41D2-8517-0EEDDDC7AE4C}.Release|Any CPU.ActiveCfg = Release|Any CPU
		{7CB7291A-A1DA-41D2-8517-0EEDDDC7AE4C}.Release|Any CPU.Build.0 = Release|Any CPU
		{503716F3-8C7A-47FA-B78F-B8EE1C218998}.Debug|Any CPU.ActiveCfg = Debug|Any CPU
		{503716F3-8C7A-47FA-B78F-B8EE1C218998}.Debug|Any CPU.Build.0 = Debug|Any CPU
		{503716F3-8C7A-47FA-B78F-B8EE1C218998}.Release|Any CPU.ActiveCfg = Release|Any CPU
		{503716F3-8C7A-47FA-B78F-B8EE1C218998}.Release|Any CPU.Build.0 = Release|Any CPU
	EndGlobalSection
	GlobalSection(SolutionProperties) = preSolution
		HideSolutionNode = FALSE
	EndGlobalSection
	GlobalSection(ExtensibilityGlobals) = postSolution
		SolutionGuid = {5C7E578D-B072-4340-B7C8-0357CCA85A66}
	EndGlobalSection
EndGlobal
